
Microsoft Visual Studio Solution File, Format Version 11.00
# Visual Studio 2010
Project("{FAE04EC0-301F-11D3-BF4B-00C04F79EFBC}") = "Assembly-CSharp-firstpass", "Assembly-CSharp-firstpass.csproj", "{9f31d827-3a88-af4a-1350-faf01cd689f4}"
EndProject
Project("{FAE04EC0-301F-11D3-BF4B-00C04F79EFBC}") = "Assembly-CSharp", "Assembly-CSharp.csproj", "{1e48eaf0-4806-3eab-49ec-a4ec673691f7}"
EndProject
Project("{FAE04EC0-301F-11D3-BF4B-00C04F79EFBC}") = "Assembly-CSharp-Editor", "Assembly-CSharp-Editor.csproj", "{35e3125d-404d-c820-85f6-d003ac00e00b}"
EndProject
Project("{FAE04EC0-301F-11D3-BF4B-00C04F79EFBC}") = "Assembly-CSharp-Editor-firstpass", "Assembly-CSharp-Editor-firstpass.csproj", "{62514037-d9b9-de1d-35cf-0eaa4e9a8049}"
EndProject
Global
	GlobalSection(SolutionConfigurationPlatforms) = preSolution
		Debug|Any CPU = Debug|Any CPU
		Release|Any CPU = Release|Any CPU
	EndGlobalSection
	GlobalSection(ProjectConfigurationPlatforms) = postSolution
		{9f31d827-3a88-af4a-1350-faf01cd689f4}.Debug|Any CPU.ActiveCfg = Debug|Any CPU
		{9f31d827-3a88-af4a-1350-faf01cd689f4}.Debug|Any CPU.Build.0 = Debug|Any CPU
		{9f31d827-3a88-af4a-1350-faf01cd689f4}.Release|Any CPU.ActiveCfg = Release|Any CPU
		{9f31d827-3a88-af4a-1350-faf01cd689f4}.Release|Any CPU.Build.0 = Release|Any CPU
		{1e48eaf0-4806-3eab-49ec-a4ec673691f7}.Debug|Any CPU.ActiveCfg = Debug|Any CPU
		{1e48eaf0-4806-3eab-49ec-a4ec673691f7}.Debug|Any CPU.Build.0 = Debug|Any CPU
		{1e48eaf0-4806-3eab-49ec-a4ec673691f7}.Release|Any CPU.ActiveCfg = Release|Any CPU
		{1e48eaf0-4806-3eab-49ec-a4ec673691f7}.Release|Any CPU.Build.0 = Release|Any CPU
		{35e3125d-404d-c820-85f6-d003ac00e00b}.Debug|Any CPU.ActiveCfg = Debug|Any CPU
		{35e3125d-404d-c820-85f6-d003ac00e00b}.Debug|Any CPU.Build.0 = Debug|Any CPU
		{35e3125d-404d-c820-85f6-d003ac00e00b}.Release|Any CPU.ActiveCfg = Release|Any CPU
		{35e3125d-404d-c820-85f6-d003ac00e00b}.Release|Any CPU.Build.0 = Release|Any CPU
		{62514037-d9b9-de1d-35cf-0eaa4e9a8049}.Debug|Any CPU.ActiveCfg = Debug|Any CPU
		{62514037-d9b9-de1d-35cf-0eaa4e9a8049}.Debug|Any CPU.Build.0 = Debug|Any CPU
		{62514037-d9b9-de1d-35cf-0eaa4e9a8049}.Release|Any CPU.ActiveCfg = Release|Any CPU
		{62514037-d9b9-de1d-35cf-0eaa4e9a8049}.Release|Any CPU.Build.0 = Release|Any CPU
	EndGlobalSection
	GlobalSection(SolutionProperties) = preSolution
		HideSolutionNode = FALSE
	EndGlobalSection
EndGlobal
